
Microsoft Visual Studio Solution File, Format Version 12.00
# Visual Studio Version 16
VisualStudioVersion = 16.0.31424.327
MinimumVisualStudioVersion = 10.0.40219.1
Project("{9A19103F-16F7-4668-BE54-9A1E7A4F7556}") = "ApiProject", "ApiProject\ApiProject.csproj", "{B906391B-AEAB-4736-98A8-6AE2D08F634B}"
EndProject
Project("{FAE04EC0-301F-11D3-BF4B-00C04F79EFBC}") = "ClientProject", "ClientProject\ClientProject.csproj", "{27D40B6B-156A-4C4A-BA4D-5D2FFBD999C6}"
EndProject
Global
	GlobalSection(SolutionConfigurationPlatforms) = preSolution
		Debug|Any CPU = Debug|Any CPU
		Release|Any CPU = Release|Any CPU
	EndGlobalSection
	GlobalSection(ProjectConfigurationPlatforms) = postSolution
		{B906391B-AEAB-4736-98A8-6AE2D08F634B}.Debug|Any CPU.ActiveCfg = Debug|Any CPU
		{B906391B-AEAB-4736-98A8-6AE2D08F634B}.Debug|Any CPU.Build.0 = Debug|Any CPU
		{B906391B-AEAB-4736-98A8-6AE2D08F634B}.Release|Any CPU.ActiveCfg = Release|Any CPU
		{B906391B-AEAB-4736-98A8-6AE2D08F634B}.Release|Any CPU.Build.0 = Release|Any CPU
		{27D40B6B-156A-4C4A-BA4D-5D2FFBD999C6}.Debug|Any CPU.ActiveCfg = Debug|Any CPU
		{27D40B6B-156A-4C4A-BA4D-5D2FFBD999C6}.Debug|Any CPU.Build.0 = Debug|Any CPU
		{27D40B6B-156A-4C4A-BA4D-5D2FFBD999C6}.Release|Any CPU.ActiveCfg = Release|Any CPU
		{27D40B6B-156A-4C4A-BA4D-5D2FFBD999C6}.Release|Any CPU.Build.0 = Release|Any CPU
	EndGlobalSection
	GlobalSection(SolutionProperties) = preSolution
		HideSolutionNode = FALSE
	EndGlobalSection
	GlobalSection(ExtensibilityGlobals) = postSolution
		SolutionGuid = {8B25C5FC-A3E5-4F15-B0CB-8F4929B78348}
	EndGlobalSection
EndGlobal
